PODS:
  - connectivity_plus (0.0.1):
    - Flutter
    - ReachabilitySwift
  - device_info_plus (0.0.1):
    - Flutter
  - facebook_app_events (0.0.1):
    - FBAudienceNetwork (~> 6.12)
    - FBSDKCoreKit (~> 16.0)
    - Flutter
  - FBAEMKit (16.3.1):
    - FBSDKCoreKit_Basics (= 16.3.1)
  - FBAudienceNetwork (6.14.0)
  - FBSDKCoreKit (16.3.1):
    - FBAEMKit (= 16.3.1)
    - FBSDKCoreKit_Basics (= 16.3.1)
  - FBSDKCoreKit_Basics (16.3.1)
  - Flutter (1.0.0)
  - flutter_inappwebview (0.0.1):
    - Flutter
    - flutter_inappwebview/Core (= 0.0.1)
    - OrderedSet (~> 5.0)
  - flutter_inappwebview/Core (0.0.1):
    - Flutter
    - OrderedSet (~> 5.0)
  - flutter_meta_sdk (1.0.0):
    - FBAudienceNetwork
    - FBSDKCoreKit
    - Flutter
  - fluttertoast (0.0.2):
    - Flutter
    - Toast
  - OrderedSet (5.0.0)
  - package_info_plus (0.4.5):
    - Flutter
  - path_provider_foundation (0.0.1):
    - Flutter
    - FlutterMacOS
  - ReachabilitySwift (5.0.0)
  - shared_preferences_foundation (0.0.1):
    - Flutter
    - FlutterMacOS
  - sqflite (0.0.3):
    - Flutter
    - FlutterMacOS
  - Toast (4.1.0)
  - url_launcher_ios (0.0.1):
    - Flutter

DEPENDENCIES:
  - connectivity_plus (from `.symlinks/plugins/connectivity_plus/ios`)
  - device_info_plus (from `.symlinks/plugins/device_info_plus/ios`)
  - facebook_app_events (from `.symlinks/plugins/facebook_app_events/ios`)
  - Flutter (from `Flutter`)
  - flutter_inappwebview (from `.symlinks/plugins/flutter_inappwebview/ios`)
  - flutter_meta_sdk (from `.symlinks/plugins/flutter_meta_sdk/ios`)
  - fluttertoast (from `.symlinks/plugins/fluttertoast/ios`)
  - package_info_plus (from `.symlinks/plugins/package_info_plus/ios`)
  - path_provider_foundation (from `.symlinks/plugins/path_provider_foundation/darwin`)
  - shared_preferences_foundation (from `.symlinks/plugins/shared_preferences_foundation/darwin`)
  - sqflite (from `.symlinks/plugins/sqflite/darwin`)
  - url_launcher_ios (from `.symlinks/plugins/url_launcher_ios/ios`)

SPEC REPOS:
  trunk:
    - FBAEMKit
    - FBAudienceNetwork
    - FBSDKCoreKit
    - FBSDKCoreKit_Basics
    - OrderedSet
    - ReachabilitySwift
    - Toast

EXTERNAL SOURCES:
  connectivity_plus:
    :path: ".symlinks/plugins/connectivity_plus/ios"
  device_info_plus:
    :path: ".symlinks/plugins/device_info_plus/ios"
  facebook_app_events:
    :path: ".symlinks/plugins/facebook_app_events/ios"
  Flutter:
    :path: Flutter
  flutter_inappwebview:
    :path: ".symlinks/plugins/flutter_inappwebview/ios"
  flutter_meta_sdk:
    :path: ".symlinks/plugins/flutter_meta_sdk/ios"
  fluttertoast:
    :path: ".symlinks/plugins/fluttertoast/ios"
  package_info_plus:
    :path: ".symlinks/plugins/package_info_plus/ios"
  path_provider_foundation:
    :path: ".symlinks/plugins/path_provider_foundation/darwin"
  shared_preferences_foundation:
    :path: ".symlinks/plugins/shared_preferences_foundation/darwin"
  sqflite:
    :path: ".symlinks/plugins/sqflite/darwin"
  url_launcher_ios:
    :path: ".symlinks/plugins/url_launcher_ios/ios"

SPEC CHECKSUMS:
  connectivity_plus: 413a8857dd5d9f1c399a39130850d02fe0feaf7e
  device_info_plus: c6fb39579d0f423935b0c9ce7ee2f44b71b9fce6
  facebook_app_events: deb163f1f7fa13213192532bbc84ff0b0d798bc2
  FBAEMKit: 6c7b5eb77c96861bb59e040842c6e55bf39512ce
  FBAudienceNetwork: 4d6223a9a88a22e9dca8c9e6c1829a8745b86228
  FBSDKCoreKit: 5e4dd478947ab1bcc887e8cfadeae0727af1a942
  FBSDKCoreKit_Basics: cd7b5f5d1e8868c26706917919d058999ca672c3
  Flutter: e0871f40cf51350855a761d2e70bf5af5b9b5de7
  flutter_inappwebview: 3d32228f1304635e7c028b0d4252937730bbc6cf
  flutter_meta_sdk: 4b8a7c8df465323f82c1d096144d3c0ba012077b
  fluttertoast: 31b00dabfa7fb7bacd9e7dbee580d7a2ff4bf265
  OrderedSet: aaeb196f7fef5a9edf55d89760da9176ad40b93c
  package_info_plus: 115f4ad11e0698c8c1c5d8a689390df880f47e85
  path_provider_foundation: 3784922295ac71e43754bd15e0653ccfd36a147c
  ReachabilitySwift: 985039c6f7b23a1da463388634119492ff86c825
  shared_preferences_foundation: 5b919d13b803cadd15ed2dc053125c68730e5126
  sqflite: 673a0e54cc04b7d6dba8d24fb8095b31c3a99eec
  Toast: ec33c32b8688982cecc6348adeae667c1b9938da
  url_launcher_ios: bf5ce03e0e2088bad9cc378ea97fa0ed5b49673b

PODFILE CHECKSUM: 819463e6a0290f5a72f145ba7cde16e8b6ef0796

COCOAPODS: 1.15.2
